
Microsoft Visual Studio Solution File, Format Version 12.00
# Visual Studio Version 17
VisualStudioVersion = 17.6.33815.320
MinimumVisualStudioVersion = 10.0.40219.1
Project("{FAE04EC0-301F-11D3-BF4B-00C04F79EFBC}") = "T10", "T10\T10.csproj", "{A078EF7F-C902-4526-AA0D-63EAC764A704}"
EndProject
Global
	GlobalSection(SolutionConfigurationPlatforms) = preSolution
		Debug|Any CPU = Debug|Any CPU
		Release|Any CPU = Release|Any CPU
	EndGlobalSection
	GlobalSection(ProjectConfigurationPlatforms) = postSolution
		{A078EF7F-C902-4526-AA0D-63EAC764A704}.Debug|Any CPU.ActiveCfg = Debug|Any CPU
		{A078EF7F-C902-4526-AA0D-63EAC764A704}.Debug|Any CPU.Build.0 = Debug|Any CPU
		{A078EF7F-C902-4526-AA0D-63EAC764A704}.Release|Any CPU.ActiveCfg = Release|Any CPU
		{A078EF7F-C902-4526-AA0D-63EAC764A704}.Release|Any CPU.Build.0 = Release|Any CPU
	EndGlobalSection
	GlobalSection(SolutionProperties) = preSolution
		HideSolutionNode = FALSE
	EndGlobalSection
	GlobalSection(ExtensibilityGlobals) = postSolution
		SolutionGuid = {0ADADBD4-4191-4573-AC6E-A7E85AF1BD7D}
	EndGlobalSection
EndGlobal
